// !$*UTF8*$!
{
	archiveVersion = 1;
	classes = {
	};
	objectVersion = 50;
	objects = {

/* Begin PBXBuildFile section */
		4E09F80B221A96CE004A00AD /* Login.storyboard in Resources */ = {isa = PBXBuildFile; fileRef = 4E09F80A221A96CE004A00AD /* Login.storyboard */; };
		4E09F80E221A9723004A00AD /* Register.storyboard in Resources */ = {isa = PBXBuildFile; fileRef = 4E09F80D221A9723004A00AD /* Register.storyboard */; };
		4E09F810221A9731004A00AD /* Main.storyboard in Resources */ = {isa = PBXBuildFile; fileRef = 4E09F80F221A9731004A00AD /* Main.storyboard */; };
		4E09F813221A977B004A00AD /* LoginViewController.swift in Sources */ = {isa = PBXBuildFile; fileRef = 4E09F812221A977B004A00AD /* LoginViewController.swift */; };
		4E09F815221A9787004A00AD /* RegisterViewController.swift in Sources */ = {isa = PBXBuildFile; fileRef = 4E09F814221A9787004A00AD /* RegisterViewController.swift */; };
		4E09F817221A9795004A00AD /* MainViewController.swift in Sources */ = {isa = PBXBuildFile; fileRef = 4E09F816221A9795004A00AD /* MainViewController.swift */; };
		4E09F81D221AA0A5004A00AD /* RxAtomic.framework in Frameworks */ = {isa = PBXBuildFile; fileRef = 4E09F819221AA0A5004A00AD /* RxAtomic.framework */; };
		4E09F81E221AA0A5004A00AD /* RxSwift.framework in Frameworks */ = {isa = PBXBuildFile; fileRef = 4E09F81A221AA0A5004A00AD /* RxSwift.framework */; };
		4E09F81F221AA0A5004A00AD /* RxBlocking.framework in Frameworks */ = {isa = PBXBuildFile; fileRef = 4E09F81B221AA0A5004A00AD /* RxBlocking.framework */; };
		4E09F820221AA765004A00AD /* RxCocoa.framework in Frameworks */ = {isa = PBXBuildFile; fileRef = 4E09F818221AA0A5004A00AD /* RxCocoa.framework */; };
		4E920324221A5BB600C6634F /* AppDelegate.swift in Sources */ = {isa = PBXBuildFile; fileRef = 4E920323221A5BB600C6634F /* AppDelegate.swift */; };
		4E920326221A5BB600C6634F /* SplashViewController.swift in Sources */ = {isa = PBXBuildFile; fileRef = 4E920325221A5BB600C6634F /* SplashViewController.swift */; };
		4E920329221A5BB600C6634F /* Splash.storyboard in Resources */ = {isa = PBXBuildFile; fileRef = 4E920327221A5BB600C6634F /* Splash.storyboard */; };
		4E92032B221A5BB800C6634F /* Assets.xcassets in Resources */ = {isa = PBXBuildFile; fileRef = 4E92032A221A5BB800C6634F /* Assets.xcassets */; };
		4E92032E221A5BB800C6634F /* LaunchScreen.storyboard in Resources */ = {isa = PBXBuildFile; fileRef = 4E92032C221A5BB800C6634F /* LaunchScreen.storyboard */; };
		4E92033C221A6F8100C6634F /* Localizable.strings in Resources */ = {isa = PBXBuildFile; fileRef = 4E92033B221A6F8100C6634F /* Localizable.strings */; };
		4EA2356E221A71C500AB29A4 /* LocalizableStrings.swift in Sources */ = {isa = PBXBuildFile; fileRef = 4EA2356A221A71C500AB29A4 /* LocalizableStrings.swift */; };
		4EA2356F221A71C500AB29A4 /* Assets.swift in Sources */ = {isa = PBXBuildFile; fileRef = 4EA2356B221A71C500AB29A4 /* Assets.swift */; };
		4EA23570221A71C500AB29A4 /* StoryboardSegues.swift in Sources */ = {isa = PBXBuildFile; fileRef = 4EA2356C221A71C500AB29A4 /* StoryboardSegues.swift */; };
		4EA23571221A71C500AB29A4 /* StoryboardScenes.swift in Sources */ = {isa = PBXBuildFile; fileRef = 4EA2356D221A71C500AB29A4 /* StoryboardScenes.swift */; };
		4EF3E1A5221A8E3900839D2B /* GoogleService-Info.plist in Resources */ = {isa = PBXBuildFile; fileRef = 4EF3E1A4221A8E3900839D2B /* GoogleService-Info.plist */; };
		DCA9F1B3A40DE798150C7CE0 /* Pods_RealtimeQuestionnaire.framework in Frameworks */ = {isa = PBXBuildFile; fileRef = FE869459CD9E97BDA64A2C7C /* Pods_RealtimeQuestionnaire.framework */; };
/* End PBXBuildFile section */

/* Begin PBXFileReference section */
		476E07F580752AE5F12FC1D5 /* Pods-RealtimeQuestionnaire.debug.xcconfig */ = {isa = PBXFileReference; includeInIndex = 1; lastKnownFileType = text.xcconfig; name = "Pods-RealtimeQuestionnaire.debug.xcconfig"; path = "Target Support Files/Pods-RealtimeQuestionnaire/Pods-RealtimeQuestionnaire.debug.xcconfig"; sourceTree = "<group>"; };
		4E09F80A221A96CE004A00AD /* Login.storyboard */ = {isa = PBXFileReference; lastKnownFileType = file.storyboard; path = Login.storyboard; sourceTree = "<group>"; };
		4E09F80D221A9723004A00AD /* Register.storyboard */ = {isa = PBXFileReference; lastKnownFileType = file.storyboard; path = Register.storyboard; sourceTree = "<group>"; };
		4E09F80F221A9731004A00AD /* Main.storyboard */ = {isa = PBXFileReference; lastKnownFileType = file.storyboard; path = Main.storyboard; sourceTree = "<group>"; };
		4E09F812221A977B004A00AD /* LoginViewController.swift */ = {isa = PBXFileReference; lastKnownFileType = sourcecode.swift; path = LoginViewController.swift; sourceTree = "<group>"; };
		4E09F814221A9787004A00AD /* RegisterViewController.swift */ = {isa = PBXFileReference; lastKnownFileType = sourcecode.swift; path = RegisterViewController.swift; sourceTree = "<group>"; };
		4E09F816221A9795004A00AD /* MainViewController.swift */ = {isa = PBXFileReference; lastKnownFileType = sourcecode.swift; path = MainViewController.swift; sourceTree = "<group>"; };
		4E09F818221AA0A5004A00AD /* RxCocoa.framework */ = {isa = PBXFileReference; lastKnownFileType = wrapper.framework; name = RxCocoa.framework; path = Carthage/Build/iOS/RxCocoa.framework; sourceTree = "<group>"; };
		4E09F819221AA0A5004A00AD /* RxAtomic.framework */ = {isa = PBXFileReference; lastKnownFileType = wrapper.framework; name = RxAtomic.framework; path = Carthage/Build/iOS/RxAtomic.framework; sourceTree = "<group>"; };
		4E09F81A221AA0A5004A00AD /* RxSwift.framework */ = {isa = PBXFileReference; lastKnownFileType = wrapper.framework; name = RxSwift.framework; path = Carthage/Build/iOS/RxSwift.framework; sourceTree = "<group>"; };
		4E09F81B221AA0A5004A00AD /* RxBlocking.framework */ = {isa = PBXFileReference; lastKnownFileType = wrapper.framework; name = RxBlocking.framework; path = Carthage/Build/iOS/RxBlocking.framework; sourceTree = "<group>"; };
		4E09F821221AD130004A00AD /* SnapKit.framework */ = {isa = PBXFileReference; lastKnownFileType = wrapper.framework; name = SnapKit.framework; path = Carthage/Build/iOS/SnapKit.framework; sourceTree = "<group>"; };
		4E920320221A5BB600C6634F /* RealtimeQuestionnaire.app */ = {isa = PBXFileReference; explicitFileType = wrapper.application; includeInIndex = 0; path = RealtimeQuestionnaire.app; sourceTree = BUILT_PRODUCTS_DIR; };
		4E920323221A5BB600C6634F /* AppDelegate.swift */ = {isa = PBXFileReference; lastKnownFileType = sourcecode.swift; path = AppDelegate.swift; sourceTree = "<group>"; };
		4E920325221A5BB600C6634F /* SplashViewController.swift */ = {isa = PBXFileReference; lastKnownFileType = sourcecode.swift; path = SplashViewController.swift; sourceTree = "<group>"; };
		4E920328221A5BB600C6634F /* Base */ = {isa = PBXFileReference; lastKnownFileType = file.storyboard; name = Base; path = Base.lproj/Splash.storyboard; sourceTree = "<group>"; };
		4E92032A221A5BB800C6634F /* Assets.xcassets */ = {isa = PBXFileReference; lastKnownFileType = folder.assetcatalog; path = Assets.xcassets; sourceTree = "<group>"; };
		4E92032D221A5BB800C6634F /* Base */ = {isa = PBXFileReference; lastKnownFileType = file.storyboard; name = Base; path = Base.lproj/LaunchScreen.storyboard; sourceTree = "<group>"; };
		4E92032F221A5BB800C6634F /* Info.plist */ = {isa = PBXFileReference; lastKnownFileType = text.plist.xml; path = Info.plist; sourceTree = "<group>"; };
		4E92033B221A6F8100C6634F /* Localizable.strings */ = {isa = PBXFileReference; fileEncoding = 4; lastKnownFileType = text.plist.strings; path = Localizable.strings; sourceTree = "<group>"; };
		4EA2356A221A71C500AB29A4 /* LocalizableStrings.swift */ = {isa = PBXFileReference; fileEncoding = 4; lastKnownFileType = sourcecode.swift; path = LocalizableStrings.swift; sourceTree = "<group>"; };
		4EA2356B221A71C500AB29A4 /* Assets.swift */ = {isa = PBXFileReference; fileEncoding = 4; lastKnownFileType = sourcecode.swift; path = Assets.swift; sourceTree = "<group>"; };
		4EA2356C221A71C500AB29A4 /* StoryboardSegues.swift */ = {isa = PBXFileReference; fileEncoding = 4; lastKnownFileType = sourcecode.swift; path = StoryboardSegues.swift; sourceTree = "<group>"; };
		4EA2356D221A71C500AB29A4 /* StoryboardScenes.swift */ = {isa = PBXFileReference; fileEncoding = 4; lastKnownFileType = sourcecode.swift; path = StoryboardScenes.swift; sourceTree = "<group>"; };
		4EF3E1A4221A8E3900839D2B /* GoogleService-Info.plist */ = {isa = PBXFileReference; fileEncoding = 4; lastKnownFileType = text.plist.xml; path = "GoogleService-Info.plist"; sourceTree = "<group>"; };
		F9B48EBAE828EDB2223C7DE9 /* Pods-RealtimeQuestionnaire.release.xcconfig */ = {isa = PBXFileReference; includeInIndex = 1; lastKnownFileType = text.xcconfig; name = "Pods-RealtimeQuestionnaire.release.xcconfig"; path = "Target Support Files/Pods-RealtimeQuestionnaire/Pods-RealtimeQuestionnaire.release.xcconfig"; sourceTree = "<group>"; };
		FE869459CD9E97BDA64A2C7C /* Pods_RealtimeQuestionnaire.framework */ = {isa = PBXFileReference; explicitFileType = wrapper.framework; includeInIndex = 0; path = Pods_RealtimeQuestionnaire.framework; sourceTree = BUILT_PRODUCTS_DIR; };
/* End PBXFileReference section */

/* Begin PBXFrameworksBuildPhase section */
		4E92031D221A5BB600C6634F /* Frameworks */ = {
			isa = PBXFrameworksBuildPhase;
			buildActionMask = 2147483647;
			files = (
				4E09F820221AA765004A00AD /* RxCocoa.framework in Frameworks */,
				4E09F81D221AA0A5004A00AD /* RxAtomic.framework in Frameworks */,
				4E09F81E221AA0A5004A00AD /* RxSwift.framework in Frameworks */,
				4E09F81F221AA0A5004A00AD /* RxBlocking.framework in Frameworks */,
				DCA9F1B3A40DE798150C7CE0 /* Pods_RealtimeQuestionnaire.framework in Frameworks */,
			);
			runOnlyForDeploymentPostprocessing = 0;
		};
/* End PBXFrameworksBuildPhase section */

/* Begin PBXGroup section */
		4E09F80C221A970C004A00AD /* Authorization */ = {
			isa = PBXGroup;
			children = (
				4E09F80A221A96CE004A00AD /* Login.storyboard */,
				4E09F80D221A9723004A00AD /* Register.storyboard */,
			);
			path = Authorization;
			sourceTree = "<group>";
		};
		4E09F811221A973F004A00AD /* Authorization */ = {
			isa = PBXGroup;
			children = (
				4E09F812221A977B004A00AD /* LoginViewController.swift */,
				4E09F814221A9787004A00AD /* RegisterViewController.swift */,
			);
			path = Authorization;
			sourceTree = "<group>";
		};
		4E920317221A5BB600C6634F = {
			isa = PBXGroup;
			children = (
				4E920322221A5BB600C6634F /* RealtimeQuestionnaire */,
				4E920321221A5BB600C6634F /* Products */,
				C5F0786942C890B98BF4C673 /* Pods */,
				F4AEBB3F26A8052851C67044 /* Frameworks */,
			);
			sourceTree = "<group>";
		};
		4E920321221A5BB600C6634F /* Products */ = {
			isa = PBXGroup;
			children = (
				4E920320221A5BB600C6634F /* RealtimeQuestionnaire.app */,
			);
			name = Products;
			sourceTree = "<group>";
		};
		4E920322221A5BB600C6634F /* RealtimeQuestionnaire */ = {
			isa = PBXGroup;
			children = (
				4E920335221A6EF100C6634F /* UserInterface */,
				4E920336221A6F0400C6634F /* ViewControllers */,
				4E920337221A6F2000C6634F /* Utils */,
				4E920339221A6F3700C6634F /* Resources */,
				4E92033D221A6FAE00C6634F /* SupportingFiles */,
			);
			path = RealtimeQuestionnaire;
			sourceTree = "<group>";
		};
		4E920335221A6EF100C6634F /* UserInterface */ = {
			isa = PBXGroup;
			children = (
				4E92032C221A5BB800C6634F /* LaunchScreen.storyboard */,
				4E920327221A5BB600C6634F /* Splash.storyboard */,
				4E09F80C221A970C004A00AD /* Authorization */,
				4E09F80F221A9731004A00AD /* Main.storyboard */,
			);
			path = UserInterface;
			sourceTree = "<group>";
		};
		4E920336221A6F0400C6634F /* ViewControllers */ = {
			isa = PBXGroup;
			children = (
				4E920323221A5BB600C6634F /* AppDelegate.swift */,
				4E920325221A5BB600C6634F /* SplashViewController.swift */,
				4E09F811221A973F004A00AD /* Authorization */,
				4E09F816221A9795004A00AD /* MainViewController.swift */,
			);
			path = ViewControllers;
			sourceTree = "<group>";
		};
		4E920337221A6F2000C6634F /* Utils */ = {
			isa = PBXGroup;
			children = (
				4E920338221A6F2A00C6634F /* Generated */,
			);
			path = Utils;
			sourceTree = "<group>";
		};
		4E920338221A6F2A00C6634F /* Generated */ = {
			isa = PBXGroup;
			children = (
				4EA2356B221A71C500AB29A4 /* Assets.swift */,
				4EA2356A221A71C500AB29A4 /* LocalizableStrings.swift */,
				4EA2356D221A71C500AB29A4 /* StoryboardScenes.swift */,
				4EA2356C221A71C500AB29A4 /* StoryboardSegues.swift */,
			);
			path = Generated;
			sourceTree = "<group>";
		};
		4E920339221A6F3700C6634F /* Resources */ = {
			isa = PBXGroup;
			children = (
				4E92033A221A6F6600C6634F /* Strings */,
				4E92032A221A5BB800C6634F /* Assets.xcassets */,
			);
			path = Resources;
			sourceTree = "<group>";
		};
		4E92033A221A6F6600C6634F /* Strings */ = {
			isa = PBXGroup;
			children = (
				4E92033B221A6F8100C6634F /* Localizable.strings */,
			);
			path = Strings;
			sourceTree = "<group>";
		};
		4E92033D221A6FAE00C6634F /* SupportingFiles */ = {
			isa = PBXGroup;
			children = (
				4EF3E1A4221A8E3900839D2B /* GoogleService-Info.plist */,
				4E92032F221A5BB800C6634F /* Info.plist */,
			);
			path = SupportingFiles;
			sourceTree = "<group>";
		};
		C5F0786942C890B98BF4C673 /* Pods */ = {
			isa = PBXGroup;
			children = (
				476E07F580752AE5F12FC1D5 /* Pods-RealtimeQuestionnaire.debug.xcconfig */,
				F9B48EBAE828EDB2223C7DE9 /* Pods-RealtimeQuestionnaire.release.xcconfig */,
			);
			path = Pods;
			sourceTree = "<group>";
		};
		F4AEBB3F26A8052851C67044 /* Frameworks */ = {
			isa = PBXGroup;
			children = (
				4E09F821221AD130004A00AD /* SnapKit.framework */,
				4E09F819221AA0A5004A00AD /* RxAtomic.framework */,
				4E09F81B221AA0A5004A00AD /* RxBlocking.framework */,
				4E09F818221AA0A5004A00AD /* RxCocoa.framework */,
				4E09F81A221AA0A5004A00AD /* RxSwift.framework */,
				FE869459CD9E97BDA64A2C7C /* Pods_RealtimeQuestionnaire.framework */,
			);
			name = Frameworks;
			sourceTree = "<group>";
		};
/* End PBXGroup section */

/* Begin PBXNativeTarget section */
		4E92031F221A5BB600C6634F /* RealtimeQuestionnaire */ = {
			isa = PBXNativeTarget;
			buildConfigurationList = 4E920332221A5BB800C6634F /* Build configuration list for PBXNativeTarget "RealtimeQuestionnaire" */;
			buildPhases = (
				62FE0E3F2E01E6BE1EDC981F /* [CP] Check Pods Manifest.lock */,
				4E92031C221A5BB600C6634F /* Sources */,
				4E92031D221A5BB600C6634F /* Frameworks */,
				4E92031E221A5BB600C6634F /* Resources */,
				4E92033E221A6FE100C6634F /* SwiftGen */,
				4E92033F221A6FEA00C6634F /* Swiftlint */,
				4E920340221A6FF100C6634F /* Carthage Copy Frameworks */,
				B8922B124CB093BE70B0380C /* [CP] Embed Pods Frameworks */,
				C444EAB3FE98ED169E831CD1 /* [CP] Copy Pods Resources */,
			);
			buildRules = (
			);
			dependencies = (
			);
			name = RealtimeQuestionnaire;
			productName = RealtimeQuestionnaire;
			productReference = 4E920320221A5BB600C6634F /* RealtimeQuestionnaire.app */;
			productType = "com.apple.product-type.application";
		};
/* End PBXNativeTarget section */

/* Begin PBXProject section */
		4E920318221A5BB600C6634F /* Project object */ = {
			isa = PBXProject;
			attributes = {
				LastSwiftUpdateCheck = 1010;
				LastUpgradeCheck = 1010;
				ORGANIZATIONNAME = hisayasugita;
				TargetAttributes = {
					4E92031F221A5BB600C6634F = {
						CreatedOnToolsVersion = 10.1;
					};
				};
			};
			buildConfigurationList = 4E92031B221A5BB600C6634F /* Build configuration list for PBXProject "RealtimeQuestionnaire" */;
			compatibilityVersion = "Xcode 9.3";
			developmentRegion = en;
			hasScannedForEncodings = 0;
			knownRegions = (
				en,
				Base,
			);
			mainGroup = 4E920317221A5BB600C6634F;
			productRefGroup = 4E920321221A5BB600C6634F /* Products */;
			projectDirPath = "";
			projectRoot = "";
			targets = (
				4E92031F221A5BB600C6634F /* RealtimeQuestionnaire */,
			);
		};
/* End PBXProject section */

/* Begin PBXResourcesBuildPhase section */
		4E92031E221A5BB600C6634F /* Resources */ = {
			isa = PBXResourcesBuildPhase;
			buildActionMask = 2147483647;
			files = (
				4E92032E221A5BB800C6634F /* LaunchScreen.storyboard in Resources */,
				4E92033C221A6F8100C6634F /* Localizable.strings in Resources */,
				4E09F80E221A9723004A00AD /* Register.storyboard in Resources */,
				4E09F810221A9731004A00AD /* Main.storyboard in Resources */,
				4E09F80B221A96CE004A00AD /* Login.storyboard in Resources */,
				4EF3E1A5221A8E3900839D2B /* GoogleService-Info.plist in Resources */,
				4E92032B221A5BB800C6634F /* Assets.xcassets in Resources */,
				4E920329221A5BB600C6634F /* Splash.storyboard in Resources */,
			);
			runOnlyForDeploymentPostprocessing = 0;
		};
/* End PBXResourcesBuildPhase section */

/* Begin PBXShellScriptBuildPhase section */
		4E92033E221A6FE100C6634F /* SwiftGen */ = {
			isa = PBXShellScriptBuildPhase;
			buildActionMask = 2147483647;
			files = (
			);
			inputFileListPaths = (
			);
			inputPaths = (
			);
			name = SwiftGen;
			outputFileListPaths = (
			);
			outputPaths = (
				"$(SRCROOT)/RealtimeQuestionnaire/Utils/Generated/LocalizableStrings.swift",
				"$(SRCROOT)/RealtimeQuestionnaire/Utils/Generated/StoryboardScenes.swift",
				"$(SRCROOT)/RealtimeQuestionnaire/Utils/Generated/StoryboardSegues.swift",
				"$(SRCROOT)/RealtimeQuestionnaire/Utils/Generated/Assets.swift",
			);
			runOnlyForDeploymentPostprocessing = 0;
			shellPath = /bin/sh;
			shellScript = "$PODS_ROOT/SwiftGen/bin/swiftgen\n";
		};
		4E92033F221A6FEA00C6634F /* Swiftlint */ = {
			isa = PBXShellScriptBuildPhase;
			buildActionMask = 2147483647;
			files = (
			);
			inputFileListPaths = (
			);
			inputPaths = (
			);
			name = Swiftlint;
			outputFileListPaths = (
			);
			outputPaths = (
			);
			runOnlyForDeploymentPostprocessing = 0;
			shellPath = /bin/sh;
			shellScript = "if which \"${PODS_ROOT}/SwiftLint/swiftlint\" >/dev/null; then\n\"${PODS_ROOT}/SwiftLint/swiftlint\"\nelse\necho \"SwiftLint does not exist, download from https://github.com/realm/SwiftLint\"\nfi\n";
		};
		4E920340221A6FF100C6634F /* Carthage Copy Frameworks */ = {
			isa = PBXShellScriptBuildPhase;
			buildActionMask = 2147483647;
			files = (
			);
			inputFileListPaths = (
			);
			inputPaths = (
				"$(SRCROOT)/Carthage/Build/iOS/RxCocoa.framework",
				"$(SRCROOT)/Carthage/Build/iOS/RxAtomic.framework",
				"$(SRCROOT)/Carthage/Build/iOS/RxBlocking.framework",
				"$(SRCROOT)/Carthage/Build/iOS/RxSwift.framework",
				"$(SRCROOT)/Carthage/Build/iOS/SnapKit.framework",
			);
			name = "Carthage Copy Frameworks";
			outputFileListPaths = (
			);
			outputPaths = (
			);
			runOnlyForDeploymentPostprocessing = 0;
			shellPath = /bin/sh;
			shellScript = "/usr/local/bin/carthage copy-frameworks\n";
		};
		62FE0E3F2E01E6BE1EDC981F /* [CP] Check Pods Manifest.lock */ = {
			isa = PBXShellScriptBuildPhase;
			buildActionMask = 2147483647;
			files = (
			);
			inputFileListPaths = (
			);
			inputPaths = (
				"${PODS_PODFILE_DIR_PATH}/Podfile.lock",
				"${PODS_ROOT}/Manifest.lock",
			);
			name = "[CP] Check Pods Manifest.lock";
			outputFileListPaths = (
			);
			outputPaths = (
				"$(DERIVED_FILE_DIR)/Pods-RealtimeQuestionnaire-checkManifestLockResult.txt",
			);
			runOnlyForDeploymentPostprocessing = 0;
			shellPath = /bin/sh;
			shellScript = "diff \"${PODS_PODFILE_DIR_PATH}/Podfile.lock\" \"${PODS_ROOT}/Manifest.lock\" > /dev/null\nif [ $? != 0 ] ; then\n    # print error to STDERR\n    echo \"error: The sandbox is not in sync with the Podfile.lock. Run 'pod install' or update your CocoaPods installation.\" >&2\n    exit 1\nfi\n# This output is used by Xcode 'outputs' to avoid re-running this script phase.\necho \"SUCCESS\" > \"${SCRIPT_OUTPUT_FILE_0}\"\n";
			showEnvVarsInLog = 0;
		};
		B8922B124CB093BE70B0380C /* [CP] Embed Pods Frameworks */ = {
			isa = PBXShellScriptBuildPhase;
			buildActionMask = 2147483647;
			files = (
			);
			inputFileListPaths = (
			);
			inputPaths = (
				"${PODS_ROOT}/Target Support Files/Pods-RealtimeQuestionnaire/Pods-RealtimeQuestionnaire-frameworks.sh",
				"${BUILT_PRODUCTS_DIR}/BoringSSL/openssl.framework",
				"${BUILT_PRODUCTS_DIR}/GTMSessionFetcher/GTMSessionFetcher.framework",
				"${BUILT_PRODUCTS_DIR}/GoogleToolboxForMac/GoogleToolboxForMac.framework",
				"${BUILT_PRODUCTS_DIR}/GoogleUtilities/GoogleUtilities.framework",
				"${BUILT_PRODUCTS_DIR}/Protobuf/Protobuf.framework",
				"${BUILT_PRODUCTS_DIR}/gRPC-C++/grpcpp.framework",
				"${BUILT_PRODUCTS_DIR}/gRPC-Core/grpc.framework",
				"${BUILT_PRODUCTS_DIR}/leveldb-library/leveldb.framework",
				"${BUILT_PRODUCTS_DIR}/nanopb/nanopb.framework",
			);
			name = "[CP] Embed Pods Frameworks";
			outputFileListPaths = (
			);
			outputPaths = (
				"${TARGET_BUILD_DIR}/${FRAMEWORKS_FOLDER_PATH}/openssl.framework",
				"${TARGET_BUILD_DIR}/${FRAMEWORKS_FOLDER_PATH}/GTMSessionFetcher.framework",
				"${TARGET_BUILD_DIR}/${FRAMEWORKS_FOLDER_PATH}/GoogleToolboxForMac.framework",
				"${TARGET_BUILD_DIR}/${FRAMEWORKS_FOLDER_PATH}/GoogleUtilities.framework",
				"${TARGET_BUILD_DIR}/${FRAMEWORKS_FOLDER_PATH}/Protobuf.framework",
				"${TARGET_BUILD_DIR}/${FRAMEWORKS_FOLDER_PATH}/grpcpp.framework",
				"${TARGET_BUILD_DIR}/${FRAMEWORKS_FOLDER_PATH}/grpc.framework",
				"${TARGET_BUILD_DIR}/${FRAMEWORKS_FOLDER_PATH}/leveldb.framework",
				"${TARGET_BUILD_DIR}/${FRAMEWORKS_FOLDER_PATH}/nanopb.framework",
			);
			runOnlyForDeploymentPostprocessing = 0;
			shellPath = /bin/sh;
			shellScript = "\"${PODS_ROOT}/Target Support Files/Pods-RealtimeQuestionnaire/Pods-RealtimeQuestionnaire-frameworks.sh\"\n";
			showEnvVarsInLog = 0;
		};
		C444EAB3FE98ED169E831CD1 /* [CP] Copy Pods Resources */ = {
			isa = PBXShellScriptBuildPhase;
			buildActionMask = 2147483647;
			files = (
			);
			inputFileListPaths = (
			);
			inputPaths = (
				"${PODS_ROOT}/Target Support Files/Pods-RealtimeQuestionnaire/Pods-RealtimeQuestionnaire-resources.sh",
				"${PODS_CONFIGURATION_BUILD_DIR}/FirebaseFirestore/gRPCCertificates-Firestore.bundle",
				"${PODS_CONFIGURATION_BUILD_DIR}/FirebaseUI/FirebaseAuthUI.bundle",
				"${PODS_CONFIGURATION_BUILD_DIR}/FirebaseUI/FirebaseGoogleAuthUI.bundle",
				"${PODS_ROOT}/GoogleSignIn/Resources/GoogleSignIn.bundle",
			);
			name = "[CP] Copy Pods Resources";
			outputFileListPaths = (
			);
			outputPaths = (
				"${TARGET_BUILD_DIR}/${UNLOCALIZED_RESOURCES_FOLDER_PATH}/gRPCCertificates-Firestore.bundle",
				"${TARGET_BUILD_DIR}/${UNLOCALIZED_RESOURCES_FOLDER_PATH}/FirebaseAuthUI.bundle",
				"${TARGET_BUILD_DIR}/${UNLOCALIZED_RESOURCES_FOLDER_PATH}/FirebaseGoogleAuthUI.bundle",
				"${TARGET_BUILD_DIR}/${UNLOCALIZED_RESOURCES_FOLDER_PATH}/GoogleSignIn.bundle",
			);
			runOnlyForDeploymentPostprocessing = 0;
			shellPath = /bin/sh;
			shellScript = "\"${PODS_ROOT}/Target Support Files/Pods-RealtimeQuestionnaire/Pods-RealtimeQuestionnaire-resources.sh\"\n";
			showEnvVarsInLog = 0;
		};
/* End PBXShellScriptBuildPhase section */

/* Begin PBXSourcesBuildPhase section */
		4E92031C221A5BB600C6634F /* Sources */ = {
			isa = PBXSourcesBuildPhase;
			buildActionMask = 2147483647;
			files = (
				4E09F813221A977B004A00AD /* LoginViewController.swift in Sources */,
				4E920326221A5BB600C6634F /* SplashViewController.swift in Sources */,
				4EA2356E221A71C500AB29A4 /* LocalizableStrings.swift in Sources */,
				4E09F815221A9787004A00AD /* RegisterViewController.swift in Sources */,
				4EA23570221A71C500AB29A4 /* StoryboardSegues.swift in Sources */,
				4EA2356F221A71C500AB29A4 /* Assets.swift in Sources */,
				4E09F817221A9795004A00AD /* MainViewController.swift in Sources */,
				4E920324221A5BB600C6634F /* AppDelegate.swift in Sources */,
				4EA23571221A71C500AB29A4 /* StoryboardScenes.swift in Sources */,
			);
			runOnlyForDeploymentPostprocessing = 0;
		};
/* End PBXSourcesBuildPhase section */

/* Begin PBXVariantGroup section */
		4E920327221A5BB600C6634F /* Splash.storyboard */ = {
			isa = PBXVariantGroup;
			children = (
				4E920328221A5BB600C6634F /* Base */,
			);
			name = Splash.storyboard;
			sourceTree = "<group>";
		};
		4E92032C221A5BB800C6634F /* LaunchScreen.storyboard */ = {
			isa = PBXVariantGroup;
			children = (
				4E92032D221A5BB800C6634F /* Base */,
			);
			name = LaunchScreen.storyboard;
			sourceTree = "<group>";
		};
/* End PBXVariantGroup section */

/* Begin XCBuildConfiguration section */
		4E920330221A5BB800C6634F /* Debug */ = {
			isa = XCBuildConfiguration;
			buildSettings = {
				ALWAYS_SEARCH_USER_PATHS = NO;
				CLANG_ANALYZER_NONNULL = YES;
				CLANG_ANALYZER_NUMBER_OBJECT_CONVERSION = YES_AGGRESSIVE;
				CLANG_CXX_LANGUAGE_STANDARD = "gnu++14";
				CLANG_CXX_LIBRARY = "libc++";
				CLANG_ENABLE_MODULES = YES;
				CLANG_ENABLE_OBJC_ARC = YES;
				CLANG_ENABLE_OBJC_WEAK = YES;
				CLANG_WARN_BLOCK_CAPTURE_AUTORELEASING = YES;
				CLANG_WARN_BOOL_CONVERSION = YES;
				CLANG_WARN_COMMA = YES;
				CLANG_WARN_CONSTANT_CONVERSION = YES;
				CLANG_WARN_DEPRECATED_OBJC_IMPLEMENTATIONS = YES;
				CLANG_WARN_DIRECT_OBJC_ISA_USAGE = YES_ERROR;
				CLANG_WARN_DOCUMENTATION_COMMENTS = YES;
				CLANG_WARN_EMPTY_BODY = YES;
				CLANG_WARN_ENUM_CONVERSION = YES;
				CLANG_WARN_INFINITE_RECURSION = YES;
				CLANG_WARN_INT_CONVERSION = YES;
				CLANG_WARN_NON_LITERAL_NULL_CONVERSION = YES;
				CLANG_WARN_OBJC_IMPLICIT_RETAIN_SELF = YES;
				CLANG_WARN_OBJC_LITERAL_CONVERSION = YES;
				CLANG_WARN_OBJC_ROOT_CLASS = YES_ERROR;
				CLANG_WARN_RANGE_LOOP_ANALYSIS = YES;
				CLANG_WARN_STRICT_PROTOTYPES = YES;
				CLANG_WARN_SUSPICIOUS_MOVE = YES;
				CLANG_WARN_UNGUARDED_AVAILABILITY = YES_AGGRESSIVE;
				CLANG_WARN_UNREACHABLE_CODE = YES;
				CLANG_WARN__DUPLICATE_METHOD_MATCH = YES;
				CODE_SIGN_IDENTITY = "iPhone Developer";
				COPY_PHASE_STRIP = NO;
				DEBUG_INFORMATION_FORMAT = dwarf;
				ENABLE_STRICT_OBJC_MSGSEND = YES;
				ENABLE_TESTABILITY = YES;
				GCC_C_LANGUAGE_STANDARD = gnu11;
				GCC_DYNAMIC_NO_PIC = NO;
				GCC_NO_COMMON_BLOCKS = YES;
				GCC_OPTIMIZATION_LEVEL = 0;
				GCC_PREPROCESSOR_DEFINITIONS = (
					"DEBUG=1",
					"$(inherited)",
				);
				GCC_WARN_64_TO_32_BIT_CONVERSION = YES;
				GCC_WARN_ABOUT_RETURN_TYPE = YES_ERROR;
				GCC_WARN_UNDECLARED_SELECTOR = YES;
				GCC_WARN_UNINITIALIZED_AUTOS = YES_AGGRESSIVE;
				GCC_WARN_UNUSED_FUNCTION = YES;
				GCC_WARN_UNUSED_VARIABLE = YES;
				IPHONEOS_DEPLOYMENT_TARGET = 12.0;
				MTL_ENABLE_DEBUG_INFO = INCLUDE_SOURCE;
				MTL_FAST_MATH = YES;
				ONLY_ACTIVE_ARCH = YES;
				SDKROOT = iphoneos;
				SWIFT_ACTIVE_COMPILATION_CONDITIONS = DEBUG;
				SWIFT_OPTIMIZATION_LEVEL = "-Onone";
			};
			name = Debug;
		};
		4E920331221A5BB800C6634F /* Release */ = {
			isa = XCBuildConfiguration;
			buildSettings = {
				ALWAYS_SEARCH_USER_PATHS = NO;
				CLANG_ANALYZER_NONNULL = YES;
				CLANG_ANALYZER_NUMBER_OBJECT_CONVERSION = YES_AGGRESSIVE;
				CLANG_CXX_LANGUAGE_STANDARD = "gnu++14";
				CLANG_CXX_LIBRARY = "libc++";
				CLANG_ENABLE_MODULES = YES;
				CLANG_ENABLE_OBJC_ARC = YES;
				CLANG_ENABLE_OBJC_WEAK = YES;
				CLANG_WARN_BLOCK_CAPTURE_AUTORELEASING = YES;
				CLANG_WARN_BOOL_CONVERSION = YES;
				CLANG_WARN_COMMA = YES;
				CLANG_WARN_CONSTANT_CONVERSION = YES;
				CLANG_WARN_DEPRECATED_OBJC_IMPLEMENTATIONS = YES;
				CLANG_WARN_DIRECT_OBJC_ISA_USAGE = YES_ERROR;
				CLANG_WARN_DOCUMENTATION_COMMENTS = YES;
				CLANG_WARN_EMPTY_BODY = YES;
				CLANG_WARN_ENUM_CONVERSION = YES;
				CLANG_WARN_INFINITE_RECURSION = YES;
				CLANG_WARN_INT_CONVERSION = YES;
				CLANG_WARN_NON_LITERAL_NULL_CONVERSION = YES;
				CLANG_WARN_OBJC_IMPLICIT_RETAIN_SELF = YES;
				CLANG_WARN_OBJC_LITERAL_CONVERSION = YES;
				CLANG_WARN_OBJC_ROOT_CLASS = YES_ERROR;
				CLANG_WARN_RANGE_LOOP_ANALYSIS = YES;
				CLANG_WARN_STRICT_PROTOTYPES = YES;
				CLANG_WARN_SUSPICIOUS_MOVE = YES;
				CLANG_WARN_UNGUARDED_AVAILABILITY = YES_AGGRESSIVE;
				CLANG_WARN_UNREACHABLE_CODE = YES;
				CLANG_WARN__DUPLICATE_METHOD_MATCH = YES;
				CODE_SIGN_IDENTITY = "iPhone Developer";
				COPY_PHASE_STRIP = NO;
				DEBUG_INFORMATION_FORMAT = "dwarf-with-dsym";
				ENABLE_NS_ASSERTIONS = NO;
				ENABLE_STRICT_OBJC_MSGSEND = YES;
				GCC_C_LANGUAGE_STANDARD = gnu11;
				GCC_NO_COMMON_BLOCKS = YES;
				GCC_WARN_64_TO_32_BIT_CONVERSION = YES;
				GCC_WARN_ABOUT_RETURN_TYPE = YES_ERROR;
				GCC_WARN_UNDECLARED_SELECTOR = YES;
				GCC_WARN_UNINITIALIZED_AUTOS = YES_AGGRESSIVE;
				GCC_WARN_UNUSED_FUNCTION = YES;
				GCC_WARN_UNUSED_VARIABLE = YES;
				IPHONEOS_DEPLOYMENT_TARGET = 12.0;
				MTL_ENABLE_DEBUG_INFO = NO;
				MTL_FAST_MATH = YES;
				SDKROOT = iphoneos;
				SWIFT_COMPILATION_MODE = wholemodule;
				SWIFT_OPTIMIZATION_LEVEL = "-O";
				VALIDATE_PRODUCT = YES;
			};
			name = Release;
		};
		4E920333221A5BB800C6634F /* Debug */ = {
			isa = XCBuildConfiguration;
			baseConfigurationReference = 476E07F580752AE5F12FC1D5 /* Pods-RealtimeQuestionnaire.debug.xcconfig */;
			buildSettings = {
				ASSETCATALOG_COMPILER_APPICON_NAME = AppIcon;
				CODE_SIGN_STYLE = Automatic;
				DEVELOPMENT_TEAM = P55D3D23US;
				FRAMEWORK_SEARCH_PATHS = (
					"$(inherited)",
					"$(PROJECT_DIR)/Carthage/Build/iOS",
				);
				INFOPLIST_FILE = RealtimeQuestionnaire/SupportingFiles/Info.plist;
				IPHONEOS_DEPLOYMENT_TARGET = 12.0;
				LD_RUNPATH_SEARCH_PATHS = (
					"$(inherited)",
					"@executable_path/Frameworks",
				);
				PRODUCT_BUNDLE_IDENTIFIER = com.hisayasugita.RealtimeQuestionnaire;
				PRODUCT_NAME = "$(TARGET_NAME)";
				SWIFT_VERSION = 4.2;
				TARGETED_DEVICE_FAMILY = "1,2";
			};
			name = Debug;
		};
		4E920334221A5BB800C6634F /* Release */ = {
			isa = XCBuildConfiguration;
			baseConfigurationReference = F9B48EBAE828EDB2223C7DE9 /* Pods-RealtimeQuestionnaire.release.xcconfig */;
			buildSettings = {
				ASSETCATALOG_COMPILER_APPICON_NAME = AppIcon;
				CODE_SIGN_STYLE = Automatic;
				DEVELOPMENT_TEAM = P55D3D23US;
				FRAMEWORK_SEARCH_PATHS = (
					"$(inherited)",
					"$(PROJECT_DIR)/Carthage/Build/iOS",
				);
				INFOPLIST_FILE = RealtimeQuestionnaire/SupportingFiles/Info.plist;
				IPHONEOS_DEPLOYMENT_TARGET = 12.0;
				LD_RUNPATH_SEARCH_PATHS = (
					"$(inherited)",
					"@executable_path/Frameworks",
				);
				PRODUCT_BUNDLE_IDENTIFIER = com.hisayasugita.RealtimeQuestionnaire;
				PRODUCT_NAME = "$(TARGET_NAME)";
				SWIFT_VERSION = 4.2;
				TARGETED_DEVICE_FAMILY = "1,2";
			};
			name = Release;
		};
/* End XCBuildConfiguration section */

/* Begin XCConfigurationList section */
		4E92031B221A5BB600C6634F /* Build configuration list for PBXProject "RealtimeQuestionnaire" */ = {
			isa = XCConfigurationList;
			buildConfigurations = (
				4E920330221A5BB800C6634F /* Debug */,
				4E920331221A5BB800C6634F /* Release */,
			);
			defaultConfigurationIsVisible = 0;
			defaultConfigurationName = Release;
		};
		4E920332221A5BB800C6634F /* Build configuration list for PBXNativeTarget "RealtimeQuestionnaire" */ = {
			isa = XCConfigurationList;
			buildConfigurations = (
				4E920333221A5BB800C6634F /* Debug */,
				4E920334221A5BB800C6634F /* Release */,
			);
			defaultConfigurationIsVisible = 0;
			defaultConfigurationName = Release;
		};
/* End XCConfigurationList section */
	};
	rootObject = 4E920318221A5BB600C6634F /* Project object */;
}
